
Microsoft Visual Studio Solution File, Format Version 12.00
# Visual Studio 15
VisualStudioVersion = 15.0.28307.168
MinimumVisualStudioVersion = 10.0.40219.1
Project("{FAE04EC0-301F-11D3-BF4B-00C04F79EFBC}") = "Grocery", "Grocery\Grocery.csproj", "{0527CB5F-284B-4044-8CA8-B823DA93E410}"
EndProject
Global
	GlobalSection(SolutionConfigurationPlatforms) = preSolution
		Debug|Any CPU = Debug|Any CPU
		Release|Any CPU = Release|Any CPU
	EndGlobalSection
	GlobalSection(ProjectConfigurationPlatforms) = postSolution
		{0527CB5F-284B-4044-8CA8-B823DA93E410}.Debug|Any CPU.ActiveCfg = Debug|Any CPU
		{0527CB5F-284B-4044-8CA8-B823DA93E410}.Debug|Any CPU.Build.0 = Debug|Any CPU
		{0527CB5F-284B-4044-8CA8-B823DA93E410}.Release|Any CPU.ActiveCfg = Release|Any CPU
		{0527CB5F-284B-4044-8CA8-B823DA93E410}.Release|Any CPU.Build.0 = Release|Any CPU
	EndGlobalSection
	GlobalSection(SolutionProperties) = preSolution
		HideSolutionNode = FALSE
	EndGlobalSection
	GlobalSection(ExtensibilityGlobals) = postSolution
		SolutionGuid = {18BE4DE1-D232-4466-AED7-C2CD087B8A4B}
	EndGlobalSection
EndGlobal
